
Microsoft Visual Studio Solution File, Format Version 10.00
# Visual Studio 2008
# SharpDevelop 3.1.0.4977
Project("{FAE04EC0-301F-11D3-BF4B-00C04F79EFBC}") = "BoozeHoundBooks", "BoozeHoundBooks.csproj", "{B558B8A9-F2DD-470C-AD88-415EE7A22EDC}"
EndProject
Global
	GlobalSection(SolutionConfigurationPlatforms) = preSolution
		Debug|Any CPU = Debug|Any CPU
		Release|Any CPU = Release|Any CPU
	EndGlobalSection
	GlobalSection(ProjectConfigurationPlatforms) = postSolution
		{B558B8A9-F2DD-470C-AD88-415EE7A22EDC}.Debug|Any CPU.ActiveCfg = Debug|Any CPU
		{B558B8A9-F2DD-470C-AD88-415EE7A22EDC}.Debug|Any CPU.Build.0 = Debug|Any CPU
		{B558B8A9-F2DD-470C-AD88-415EE7A22EDC}.Release|Any CPU.ActiveCfg = Release|Any CPU
		{B558B8A9-F2DD-470C-AD88-415EE7A22EDC}.Release|Any CPU.Build.0 = Release|Any CPU
	EndGlobalSection
	GlobalSection(SolutionProperties) = preSolution
		HideSolutionNode = FALSE
	EndGlobalSection
EndGlobal
