
Microsoft Visual Studio Solution File, Format Version 12.00
# Visual Studio Version 17
VisualStudioVersion = 17.3.32929.385
MinimumVisualStudioVersion = 10.0.40219.1
Project("{FAE04EC0-301F-11D3-BF4B-00C04F79EFBC}") = "BoozeHoundBooks", "BoozeHoundBooks.csproj", "{AF2EB2AA-5440-4E5C-AA23-725A9C60DBA2}"
EndProject
Global
	GlobalSection(SolutionConfigurationPlatforms) = preSolution
		Debug|Any CPU = Debug|Any CPU
		Release|Any CPU = Release|Any CPU
	EndGlobalSection
	GlobalSection(ProjectConfigurationPlatforms) = postSolution
		{AF2EB2AA-5440-4E5C-AA23-725A9C60DBA2}.Debug|Any CPU.ActiveCfg = Debug|Any CPU
		{AF2EB2AA-5440-4E5C-AA23-725A9C60DBA2}.Debug|Any CPU.Build.0 = Debug|Any CPU
		{AF2EB2AA-5440-4E5C-AA23-725A9C60DBA2}.Release|Any CPU.ActiveCfg = Release|Any CPU
		{AF2EB2AA-5440-4E5C-AA23-725A9C60DBA2}.Release|Any CPU.Build.0 = Release|Any CPU
	EndGlobalSection
	GlobalSection(SolutionProperties) = preSolution
		HideSolutionNode = FALSE
	EndGlobalSection
	GlobalSection(ExtensibilityGlobals) = postSolution
		SolutionGuid = {1291F0E3-891C-4053-9233-18CD8D572641}
	EndGlobalSection
EndGlobal
